
Microsoft Visual Studio Solution File, Format Version 12.00
# Visual Studio Version 17
VisualStudioVersion = 17.3.32929.385
MinimumVisualStudioVersion = 10.0.40219.1
Project("{FAE04EC0-301F-11D3-BF4B-00C04F79EFBC}") = "Selenium Prvi Test", "Selenium Prvi Test\Selenium Prvi Test.csproj", "{95D13975-8834-4166-9936-EACDB4018F47}"
EndProject
Global
	GlobalSection(SolutionConfigurationPlatforms) = preSolution
		Debug|Any CPU = Debug|Any CPU
		Release|Any CPU = Release|Any CPU
	EndGlobalSection
	GlobalSection(ProjectConfigurationPlatforms) = postSolution
		{95D13975-8834-4166-9936-EACDB4018F47}.Debug|Any CPU.ActiveCfg = Debug|Any CPU
		{95D13975-8834-4166-9936-EACDB4018F47}.Debug|Any CPU.Build.0 = Debug|Any CPU
		{95D13975-8834-4166-9936-EACDB4018F47}.Release|Any CPU.ActiveCfg = Release|Any CPU
		{95D13975-8834-4166-9936-EACDB4018F47}.Release|Any CPU.Build.0 = Release|Any CPU
	EndGlobalSection
	GlobalSection(SolutionProperties) = preSolution
		HideSolutionNode = FALSE
	EndGlobalSection
	GlobalSection(ExtensibilityGlobals) = postSolution
		SolutionGuid = {6AF37AD5-D4BC-4560-B979-59F1E8CAA659}
	EndGlobalSection
EndGlobal
